
Microsoft Visual Studio Solution File, Format Version 12.00
# Visual Studio Version 17
VisualStudioVersion = 17.9.34622.214
MinimumVisualStudioVersion = 10.0.40219.1
Project("{FAE04EC0-301F-11D3-BF4B-00C04F79EFBC}") = "Server", "Server\Server.csproj", "{48745349-AF06-4F01-BC20-90E9BC61BD6F}"
EndProject
Project("{FAE04EC0-301F-11D3-BF4B-00C04F79EFBC}") = "TCPClientOsoblje", "TCPClientOsoblje\TCPClientOsoblje.csproj", "{873F413C-296F-4DE8-ADF4-527363CBC71E}"
EndProject
Project("{FAE04EC0-301F-11D3-BF4B-00C04F79EFBC}") = "UDPClientGost", "UDPClientGost\UDPClientGost.csproj", "{5E91B3C3-6B70-4EF3-A2DC-48489E3C7B62}"
EndProject
Project("{FAE04EC0-301F-11D3-BF4B-00C04F79EFBC}") = "Biblioteka", "Biblioteka\Biblioteka.csproj", "{76B5A125-5506-40B1-93FA-5A3EA1D2A0D2}"
EndProject
Global
	GlobalSection(SolutionConfigurationPlatforms) = preSolution
		Debug|Any CPU = Debug|Any CPU
		Release|Any CPU = Release|Any CPU
	EndGlobalSection
	GlobalSection(ProjectConfigurationPlatforms) = postSolution
		{48745349-AF06-4F01-BC20-90E9BC61BD6F}.Debug|Any CPU.ActiveCfg = Debug|Any CPU
		{48745349-AF06-4F01-BC20-90E9BC61BD6F}.Debug|Any CPU.Build.0 = Debug|Any CPU
		{48745349-AF06-4F01-BC20-90E9BC61BD6F}.Release|Any CPU.ActiveCfg = Release|Any CPU
		{48745349-AF06-4F01-BC20-90E9BC61BD6F}.Release|Any CPU.Build.0 = Release|Any CPU
		{873F413C-296F-4DE8-ADF4-527363CBC71E}.Debug|Any CPU.ActiveCfg = Debug|Any CPU
		{873F413C-296F-4DE8-ADF4-527363CBC71E}.Debug|Any CPU.Build.0 = Debug|Any CPU
		{873F413C-296F-4DE8-ADF4-527363CBC71E}.Release|Any CPU.ActiveCfg = Release|Any CPU
		{873F413C-296F-4DE8-ADF4-527363CBC71E}.Release|Any CPU.Build.0 = Release|Any CPU
		{5E91B3C3-6B70-4EF3-A2DC-48489E3C7B62}.Debug|Any CPU.ActiveCfg = Debug|Any CPU
		{5E91B3C3-6B70-4EF3-A2DC-48489E3C7B62}.Debug|Any CPU.Build.0 = Debug|Any CPU
		{5E91B3C3-6B70-4EF3-A2DC-48489E3C7B62}.Release|Any CPU.ActiveCfg = Release|Any CPU
		{5E91B3C3-6B70-4EF3-A2DC-48489E3C7B62}.Release|Any CPU.Build.0 = Release|Any CPU
		{76B5A125-5506-40B1-93FA-5A3EA1D2A0D2}.Debug|Any CPU.ActiveCfg = Debug|Any CPU
		{76B5A125-5506-40B1-93FA-5A3EA1D2A0D2}.Debug|Any CPU.Build.0 = Debug|Any CPU
		{76B5A125-5506-40B1-93FA-5A3EA1D2A0D2}.Release|Any CPU.ActiveCfg = Release|Any CPU
		{76B5A125-5506-40B1-93FA-5A3EA1D2A0D2}.Release|Any CPU.Build.0 = Release|Any CPU
	EndGlobalSection
	GlobalSection(SolutionProperties) = preSolution
		HideSolutionNode = FALSE
	EndGlobalSection
	GlobalSection(ExtensibilityGlobals) = postSolution
		SolutionGuid = {29DB74E8-2284-4210-8A3E-2362914CE553}
	EndGlobalSection
EndGlobal
